
Microsoft Visual Studio Solution File, Format Version 12.00
# Visual Studio Version 16
VisualStudioVersion = 16.0.29806.167
MinimumVisualStudioVersion = 10.0.40219.1
Project("{9A19103F-16F7-4668-BE54-9A1E7A4F7556}") = "ConfigCenter.Admin", "ConfigCenter.Admin\ConfigCenter.Admin.csproj", "{2FF8AA83-5B79-41FE-BB33-8F8CC64F84DF}"
EndProject
Project("{9A19103F-16F7-4668-BE54-9A1E7A4F7556}") = "ConfigCenter.Api", "ConfigCenter.Api\ConfigCenter.Api.csproj", "{A0BBB289-D292-434A-9688-D3254C04E855}"
EndProject
Project("{9A19103F-16F7-4668-BE54-9A1E7A4F7556}") = "ConfigCenter.Business", "ConfigCenter.Business\ConfigCenter.Business.csproj", "{0FB3673E-9652-4F78-8A38-684ADEA818EB}"
EndProject
Project("{9A19103F-16F7-4668-BE54-9A1E7A4F7556}") = "ConfigCenter.Common", "ConfigCenter.Common\ConfigCenter.Common.csproj", "{8E386623-46FD-445E-8D4C-56B0482D1BCB}"
EndProject
Project("{9A19103F-16F7-4668-BE54-9A1E7A4F7556}") = "ConfigCenter.Dto", "ConfigCenter.Dto\ConfigCenter.Dto.csproj", "{3D0F1F6F-8DDC-4068-A901-D3BD122F942D}"
EndProject
Project("{9A19103F-16F7-4668-BE54-9A1E7A4F7556}") = "ConfigCenter.Repository", "ConfigCenter.Repository\ConfigCenter.Repository.csproj", "{0E085AE3-7F6E-4E31-BB0C-3208BAC275BA}"
EndProject
Project("{9A19103F-16F7-4668-BE54-9A1E7A4F7556}") = "ConfigCenter.Test", "ConfigCenter.Test\ConfigCenter.Test.csproj", "{EB20AB60-AF5D-47FA-8AA6-32E22B935FD5}"
EndProject
Global
	GlobalSection(SolutionConfigurationPlatforms) = preSolution
		Debug|Any CPU = Debug|Any CPU
		Release|Any CPU = Release|Any CPU
	EndGlobalSection
	GlobalSection(ProjectConfigurationPlatforms) = postSolution
		{2FF8AA83-5B79-41FE-BB33-8F8CC64F84DF}.Debug|Any CPU.ActiveCfg = Debug|Any CPU
		{2FF8AA83-5B79-41FE-BB33-8F8CC64F84DF}.Debug|Any CPU.Build.0 = Debug|Any CPU
		{2FF8AA83-5B79-41FE-BB33-8F8CC64F84DF}.Release|Any CPU.ActiveCfg = Release|Any CPU
		{2FF8AA83-5B79-41FE-BB33-8F8CC64F84DF}.Release|Any CPU.Build.0 = Release|Any CPU
		{A0BBB289-D292-434A-9688-D3254C04E855}.Debug|Any CPU.ActiveCfg = Debug|Any CPU
		{A0BBB289-D292-434A-9688-D3254C04E855}.Debug|Any CPU.Build.0 = Debug|Any CPU
		{A0BBB289-D292-434A-9688-D3254C04E855}.Release|Any CPU.ActiveCfg = Release|Any CPU
		{A0BBB289-D292-434A-9688-D3254C04E855}.Release|Any CPU.Build.0 = Release|Any CPU
		{0FB3673E-9652-4F78-8A38-684ADEA818EB}.Debug|Any CPU.ActiveCfg = Debug|Any CPU
		{0FB3673E-9652-4F78-8A38-684ADEA818EB}.Debug|Any CPU.Build.0 = Debug|Any CPU
		{0FB3673E-9652-4F78-8A38-684ADEA818EB}.Release|Any CPU.ActiveCfg = Release|Any CPU
		{0FB3673E-9652-4F78-8A38-684ADEA818EB}.Release|Any CPU.Build.0 = Release|Any CPU
		{8E386623-46FD-445E-8D4C-56B0482D1BCB}.Debug|Any CPU.ActiveCfg = Debug|Any CPU
		{8E386623-46FD-445E-8D4C-56B0482D1BCB}.Debug|Any CPU.Build.0 = Debug|Any CPU
		{8E386623-46FD-445E-8D4C-56B0482D1BCB}.Release|Any CPU.ActiveCfg = Release|Any CPU
		{8E386623-46FD-445E-8D4C-56B0482D1BCB}.Release|Any CPU.Build.0 = Release|Any CPU
		{3D0F1F6F-8DDC-4068-A901-D3BD122F942D}.Debug|Any CPU.ActiveCfg = Debug|Any CPU
		{3D0F1F6F-8DDC-4068-A901-D3BD122F942D}.Debug|Any CPU.Build.0 = Debug|Any CPU
		{3D0F1F6F-8DDC-4068-A901-D3BD122F942D}.Release|Any CPU.ActiveCfg = Release|Any CPU
		{3D0F1F6F-8DDC-4068-A901-D3BD122F942D}.Release|Any CPU.Build.0 = Release|Any CPU
		{0E085AE3-7F6E-4E31-BB0C-3208BAC275BA}.Debug|Any CPU.ActiveCfg = Debug|Any CPU
		{0E085AE3-7F6E-4E31-BB0C-3208BAC275BA}.Debug|Any CPU.Build.0 = Debug|Any CPU
		{0E085AE3-7F6E-4E31-BB0C-3208BAC275BA}.Release|Any CPU.ActiveCfg = Release|Any CPU
		{0E085AE3-7F6E-4E31-BB0C-3208BAC275BA}.Release|Any CPU.Build.0 = Release|Any CPU
		{EB20AB60-AF5D-47FA-8AA6-32E22B935FD5}.Debug|Any CPU.ActiveCfg = Debug|Any CPU
		{EB20AB60-AF5D-47FA-8AA6-32E22B935FD5}.Debug|Any CPU.Build.0 = Debug|Any CPU
		{EB20AB60-AF5D-47FA-8AA6-32E22B935FD5}.Release|Any CPU.ActiveCfg = Release|Any CPU
		{EB20AB60-AF5D-47FA-8AA6-32E22B935FD5}.Release|Any CPU.Build.0 = Release|Any CPU
	EndGlobalSection
	GlobalSection(SolutionProperties) = preSolution
		HideSolutionNode = FALSE
	EndGlobalSection
	GlobalSection(ExtensibilityGlobals) = postSolution
		SolutionGuid = {7C60F12C-9DA1-448A-AD75-074034190758}
	EndGlobalSection
EndGlobal
